
Microsoft Visual Studio Solution File, Format Version 12.00
# Visual Studio 15
VisualStudioVersion = 15.0.28010.0
MinimumVisualStudioVersion = 10.0.40219.1
Project("{FAE04EC0-301F-11D3-BF4B-00C04F79EFBC}") = "Core.Ocelot", "Core.Ocelot\Core.Ocelot.csproj", "{86BF69E7-072E-4760-8C48-AE9955A68203}"
EndProject
Global
	GlobalSection(SolutionConfigurationPlatforms) = preSolution
		Debug|Any CPU = Debug|Any CPU
		Release|Any CPU = Release|Any CPU
	EndGlobalSection
	GlobalSection(ProjectConfigurationPlatforms) = postSolution
		{86BF69E7-072E-4760-8C48-AE9955A68203}.Debug|Any CPU.ActiveCfg = Debug|Any CPU
		{86BF69E7-072E-4760-8C48-AE9955A68203}.Debug|Any CPU.Build.0 = Debug|Any CPU
		{86BF69E7-072E-4760-8C48-AE9955A68203}.Release|Any CPU.ActiveCfg = Release|Any CPU
		{86BF69E7-072E-4760-8C48-AE9955A68203}.Release|Any CPU.Build.0 = Release|Any CPU
	EndGlobalSection
	GlobalSection(SolutionProperties) = preSolution
		HideSolutionNode = FALSE
	EndGlobalSection
	GlobalSection(ExtensibilityGlobals) = postSolution
		SolutionGuid = {51216937-4DB3-4C65-97F1-97517F47A77D}
	EndGlobalSection
EndGlobal
